
Microsoft Visual Studio Solution File, Format Version 12.00
# Visual Studio Version 16
VisualStudioVersion = 16.0.30804.86
MinimumVisualStudioVersion = 10.0.40219.1
Project("{9A19103F-16F7-4668-BE54-9A1E7A4F7556}") = "Storage.Client", "Storage.Client.csproj", "{DD2BF5BD-F7FE-4282-8339-7FF74185705E}"
EndProject
Global
	GlobalSection(SolutionConfigurationPlatforms) = preSolution
		Debug|Any CPU = Debug|Any CPU
		Release|Any CPU = Release|Any CPU
	EndGlobalSection
	GlobalSection(ProjectConfigurationPlatforms) = postSolution
		{DD2BF5BD-F7FE-4282-8339-7FF74185705E}.Debug|Any CPU.ActiveCfg = Debug|Any CPU
		{DD2BF5BD-F7FE-4282-8339-7FF74185705E}.Debug|Any CPU.Build.0 = Debug|Any CPU
		{DD2BF5BD-F7FE-4282-8339-7FF74185705E}.Release|Any CPU.ActiveCfg = Release|Any CPU
		{DD2BF5BD-F7FE-4282-8339-7FF74185705E}.Release|Any CPU.Build.0 = Release|Any CPU
	EndGlobalSection
	GlobalSection(SolutionProperties) = preSolution
		HideSolutionNode = FALSE
	EndGlobalSection
	GlobalSection(ExtensibilityGlobals) = postSolution
		SolutionGuid = {D4A017F1-1545-453D-BAB3-5E33353C2942}
	EndGlobalSection
EndGlobal
